
Microsoft Visual Studio Solution File, Format Version 12.00
# Visual Studio Version 17
VisualStudioVersion = 17.2.32516.85
MinimumVisualStudioVersion = 10.0.40219.1
Project("{FAE04EC0-301F-11D3-BF4B-00C04F79EFBC}") = "PuntoVenta", "PuntoVenta\PuntoVenta.csproj", "{D555254D-DDF0-4AB7-B5FA-9360BA76C71B}"
EndProject
Global
	GlobalSection(SolutionConfigurationPlatforms) = preSolution
		Debug|Any CPU = Debug|Any CPU
		Release|Any CPU = Release|Any CPU
	EndGlobalSection
	GlobalSection(ProjectConfigurationPlatforms) = postSolution
		{D555254D-DDF0-4AB7-B5FA-9360BA76C71B}.Debug|Any CPU.ActiveCfg = Debug|Any CPU
		{D555254D-DDF0-4AB7-B5FA-9360BA76C71B}.Debug|Any CPU.Build.0 = Debug|Any CPU
		{D555254D-DDF0-4AB7-B5FA-9360BA76C71B}.Release|Any CPU.ActiveCfg = Release|Any CPU
		{D555254D-DDF0-4AB7-B5FA-9360BA76C71B}.Release|Any CPU.Build.0 = Release|Any CPU
	EndGlobalSection
	GlobalSection(SolutionProperties) = preSolution
		HideSolutionNode = FALSE
	EndGlobalSection
	GlobalSection(ExtensibilityGlobals) = postSolution
		SolutionGuid = {19757158-173B-4B11-BBB1-E70DCE6B23D8}
	EndGlobalSection
EndGlobal
