
Microsoft Visual Studio Solution File, Format Version 12.00
# Visual Studio Version 17
VisualStudioVersion = 17.2.32516.85
MinimumVisualStudioVersion = 10.0.40219.1
Project("{FAE04EC0-301F-11D3-BF4B-00C04F79EFBC}") = "CRUDEstados", "CRUDEstados\CRUDEstados.csproj", "{0A1B4699-DB1B-4C03-8F45-0CA5BD7428EE}"
EndProject
Global
	GlobalSection(SolutionConfigurationPlatforms) = preSolution
		Debug|Any CPU = Debug|Any CPU
		Release|Any CPU = Release|Any CPU
	EndGlobalSection
	GlobalSection(ProjectConfigurationPlatforms) = postSolution
		{0A1B4699-DB1B-4C03-8F45-0CA5BD7428EE}.Debug|Any CPU.ActiveCfg = Debug|Any CPU
		{0A1B4699-DB1B-4C03-8F45-0CA5BD7428EE}.Debug|Any CPU.Build.0 = Debug|Any CPU
		{0A1B4699-DB1B-4C03-8F45-0CA5BD7428EE}.Release|Any CPU.ActiveCfg = Release|Any CPU
		{0A1B4699-DB1B-4C03-8F45-0CA5BD7428EE}.Release|Any CPU.Build.0 = Release|Any CPU
	EndGlobalSection
	GlobalSection(SolutionProperties) = preSolution
		HideSolutionNode = FALSE
	EndGlobalSection
	GlobalSection(ExtensibilityGlobals) = postSolution
		SolutionGuid = {E9C72E88-B892-4900-8D4B-4DFD9CFF553E}
	EndGlobalSection
EndGlobal
