
Microsoft Visual Studio Solution File, Format Version 12.00
# Visual Studio Version 17
VisualStudioVersion = 17.2.32516.85
MinimumVisualStudioVersion = 10.0.40219.1
Project("{FAE04EC0-301F-11D3-BF4B-00C04F79EFBC}") = "Data", "Datos\Data.csproj", "{55E1D621-3723-4946-8F44-491445842B16}"
EndProject
Project("{FAE04EC0-301F-11D3-BF4B-00C04F79EFBC}") = "BusinessLogic", "Buni\BusinessLogic.csproj", "{6F36B61B-FE81-4D7A-BE41-94ABC23E8537}"
EndProject
Project("{FAE04EC0-301F-11D3-BF4B-00C04F79EFBC}") = "Entities", "Entity\Entities.csproj", "{3627E418-71CF-4EAD-9899-9BC3C9A6D06E}"
EndProject
Project("{FAE04EC0-301F-11D3-BF4B-00C04F79EFBC}") = "Presentation", "Presentation\Presentation.csproj", "{C4393316-CDF3-4294-8856-46A18049F6B9}"
EndProject
Global
	GlobalSection(SolutionConfigurationPlatforms) = preSolution
		Debug|Any CPU = Debug|Any CPU
		Release|Any CPU = Release|Any CPU
	EndGlobalSection
	GlobalSection(ProjectConfigurationPlatforms) = postSolution
		{55E1D621-3723-4946-8F44-491445842B16}.Debug|Any CPU.ActiveCfg = Debug|Any CPU
		{55E1D621-3723-4946-8F44-491445842B16}.Debug|Any CPU.Build.0 = Debug|Any CPU
		{55E1D621-3723-4946-8F44-491445842B16}.Release|Any CPU.ActiveCfg = Release|Any CPU
		{55E1D621-3723-4946-8F44-491445842B16}.Release|Any CPU.Build.0 = Release|Any CPU
		{6F36B61B-FE81-4D7A-BE41-94ABC23E8537}.Debug|Any CPU.ActiveCfg = Debug|Any CPU
		{6F36B61B-FE81-4D7A-BE41-94ABC23E8537}.Debug|Any CPU.Build.0 = Debug|Any CPU
		{6F36B61B-FE81-4D7A-BE41-94ABC23E8537}.Release|Any CPU.ActiveCfg = Release|Any CPU
		{6F36B61B-FE81-4D7A-BE41-94ABC23E8537}.Release|Any CPU.Build.0 = Release|Any CPU
		{3627E418-71CF-4EAD-9899-9BC3C9A6D06E}.Debug|Any CPU.ActiveCfg = Debug|Any CPU
		{3627E418-71CF-4EAD-9899-9BC3C9A6D06E}.Debug|Any CPU.Build.0 = Debug|Any CPU
		{3627E418-71CF-4EAD-9899-9BC3C9A6D06E}.Release|Any CPU.ActiveCfg = Release|Any CPU
		{3627E418-71CF-4EAD-9899-9BC3C9A6D06E}.Release|Any CPU.Build.0 = Release|Any CPU
		{C4393316-CDF3-4294-8856-46A18049F6B9}.Debug|Any CPU.ActiveCfg = Debug|Any CPU
		{C4393316-CDF3-4294-8856-46A18049F6B9}.Debug|Any CPU.Build.0 = Debug|Any CPU
		{C4393316-CDF3-4294-8856-46A18049F6B9}.Release|Any CPU.ActiveCfg = Release|Any CPU
		{C4393316-CDF3-4294-8856-46A18049F6B9}.Release|Any CPU.Build.0 = Release|Any CPU
	EndGlobalSection
	GlobalSection(SolutionProperties) = preSolution
		HideSolutionNode = FALSE
	EndGlobalSection
	GlobalSection(ExtensibilityGlobals) = postSolution
		SolutionGuid = {E07D08EB-23A3-4CD2-AA11-A356D08AFF85}
	EndGlobalSection
EndGlobal
