
Microsoft Visual Studio Solution File, Format Version 12.00
# Visual Studio Version 17
VisualStudioVersion = 17.2.32516.85
MinimumVisualStudioVersion = 10.0.40219.1
Project("{FAE04EC0-301F-11D3-BF4B-00C04F79EFBC}") = "Datos", "DA\Datos.csproj", "{DE90A774-659F-4424-804E-9CDA4C75CA06}"
EndProject
Project("{FAE04EC0-301F-11D3-BF4B-00C04F79EFBC}") = "LogicadeNegocio", "LogicadeNegocio\LogicadeNegocio.csproj", "{3E3064BE-2538-4B9E-BFB6-2B09B7667E21}"
EndProject
Project("{FAE04EC0-301F-11D3-BF4B-00C04F79EFBC}") = "Entidades", "Entidades\Entidades.csproj", "{92FDBE8F-D560-4012-B40D-62E875822F5D}"
EndProject
Project("{FAE04EC0-301F-11D3-BF4B-00C04F79EFBC}") = "Presentacion", "Presentacion\Presentacion.csproj", "{377D898B-8AE2-47EC-AEE6-81A4BA4D23C5}"
EndProject
Global
	GlobalSection(SolutionConfigurationPlatforms) = preSolution
		Debug|Any CPU = Debug|Any CPU
		Release|Any CPU = Release|Any CPU
	EndGlobalSection
	GlobalSection(ProjectConfigurationPlatforms) = postSolution
		{DE90A774-659F-4424-804E-9CDA4C75CA06}.Debug|Any CPU.ActiveCfg = Debug|Any CPU
		{DE90A774-659F-4424-804E-9CDA4C75CA06}.Debug|Any CPU.Build.0 = Debug|Any CPU
		{DE90A774-659F-4424-804E-9CDA4C75CA06}.Release|Any CPU.ActiveCfg = Release|Any CPU
		{DE90A774-659F-4424-804E-9CDA4C75CA06}.Release|Any CPU.Build.0 = Release|Any CPU
		{3E3064BE-2538-4B9E-BFB6-2B09B7667E21}.Debug|Any CPU.ActiveCfg = Debug|Any CPU
		{3E3064BE-2538-4B9E-BFB6-2B09B7667E21}.Debug|Any CPU.Build.0 = Debug|Any CPU
		{3E3064BE-2538-4B9E-BFB6-2B09B7667E21}.Release|Any CPU.ActiveCfg = Release|Any CPU
		{3E3064BE-2538-4B9E-BFB6-2B09B7667E21}.Release|Any CPU.Build.0 = Release|Any CPU
		{92FDBE8F-D560-4012-B40D-62E875822F5D}.Debug|Any CPU.ActiveCfg = Debug|Any CPU
		{92FDBE8F-D560-4012-B40D-62E875822F5D}.Debug|Any CPU.Build.0 = Debug|Any CPU
		{92FDBE8F-D560-4012-B40D-62E875822F5D}.Release|Any CPU.ActiveCfg = Release|Any CPU
		{92FDBE8F-D560-4012-B40D-62E875822F5D}.Release|Any CPU.Build.0 = Release|Any CPU
		{377D898B-8AE2-47EC-AEE6-81A4BA4D23C5}.Debug|Any CPU.ActiveCfg = Debug|Any CPU
		{377D898B-8AE2-47EC-AEE6-81A4BA4D23C5}.Debug|Any CPU.Build.0 = Debug|Any CPU
		{377D898B-8AE2-47EC-AEE6-81A4BA4D23C5}.Release|Any CPU.ActiveCfg = Release|Any CPU
		{377D898B-8AE2-47EC-AEE6-81A4BA4D23C5}.Release|Any CPU.Build.0 = Release|Any CPU
	EndGlobalSection
	GlobalSection(SolutionProperties) = preSolution
		HideSolutionNode = FALSE
	EndGlobalSection
	GlobalSection(ExtensibilityGlobals) = postSolution
		SolutionGuid = {EB2ECAB9-59EB-425B-83C1-713B4DA72EFC}
	EndGlobalSection
EndGlobal
