
Microsoft Visual Studio Solution File, Format Version 12.00
# Visual Studio Version 17
VisualStudioVersion = 17.2.32516.85
MinimumVisualStudioVersion = 10.0.40219.1
Project("{FAE04EC0-301F-11D3-BF4B-00C04F79EFBC}") = "Interfaces", "Interfaces\Interfaces.csproj", "{24A323D1-4969-482F-9F5D-8ED40BE3C359}"
EndProject
Global
	GlobalSection(SolutionConfigurationPlatforms) = preSolution
		Debug|Any CPU = Debug|Any CPU
		Release|Any CPU = Release|Any CPU
	EndGlobalSection
	GlobalSection(ProjectConfigurationPlatforms) = postSolution
		{24A323D1-4969-482F-9F5D-8ED40BE3C359}.Debug|Any CPU.ActiveCfg = Debug|Any CPU
		{24A323D1-4969-482F-9F5D-8ED40BE3C359}.Debug|Any CPU.Build.0 = Debug|Any CPU
		{24A323D1-4969-482F-9F5D-8ED40BE3C359}.Release|Any CPU.ActiveCfg = Release|Any CPU
		{24A323D1-4969-482F-9F5D-8ED40BE3C359}.Release|Any CPU.Build.0 = Release|Any CPU
	EndGlobalSection
	GlobalSection(SolutionProperties) = preSolution
		HideSolutionNode = FALSE
	EndGlobalSection
	GlobalSection(ExtensibilityGlobals) = postSolution
		SolutionGuid = {80A1E885-7565-4287-930C-E6BC0C8D95DF}
	EndGlobalSection
EndGlobal
